{
    "_meta": {
        "hash": {
            "sha256": "303715d8b70ebb20834bb0fa59f2d7f159eaf32e2b0d65ad5d5b042f36b02ea4"
        },
        "pipfile-spec": 6,
        "requires": {
            "python_version": "3.8"
        },
        "sources": [
            {
                "name": "pypi",
                "url": "https://pypi.org/simple",
                "verify_ssl": true
            }
        ]
    },
    "default": {
        "llvmlite": {
            "hashes": [
                "sha256:03f5557f9e52bbaeca60a2e89ae71ca907e2f19a03f75fea73d9d5bbf619654e",
                "sha256:1a31702cc1383893a4c3d8103226207399848aaa4d16633051d0a25d78cfc726",
                "sha256:2e83ca852d002d768523251719865223eae693bdf012720eccd0af95aee798b5",
                "sha256:37b0da8df72d575d57e930efdd8e257c72bb9ceb722403483349fbdb5cadb726",
                "sha256:4eeb747c5c8acb7bafb42ae7a69cf95ed21b26d54e7165bc8468f9e9c8a1ed5e",
                "sha256:53981cde265b2dd489b0efccd2e456ac72b849d46a91a4b6f89b0267488edece",
                "sha256:5d4f8433df3bdb5e008b9766aa6de5854f5c5b29314037d301c92ca12bfb7f1a",
                "sha256:5f181a0aae3367787291cdfd07b703ddbb8b08f394fad64d555db7ea217d0f24",
                "sha256:89b9458b1e1c9b3adb48695ba1bf266dffc7cb381265839113eda5a6102e731d",
                "sha256:9c8aae96f7fba10d9ac864b443d1e8c7ee4765c31569a2b201b3d0b67d8fc596",
                "sha256:b9ffc8a7c44f1726330ad8a6bc97272728212ef0667105259c26396e94a76fbd",
                "sha256:c2b71b560555b9ddbdb50425bbecfb1df2d5153c1b0db47e2d23286deb1c3753",
                "sha256:c5a09728fb98336dd3d0f96aafadb2e3b4ccc3214804f71a02afb9ae40cfcd91",
                "sha256:cc4b5564c644ba438cf2616de4731766d093199299d9c7573f6fe8aa5b2c07c3",
                "sha256:f74e8ae96cb82622f17cad04048f8565a906377d61df31bcb7c82038144aded1",
                "sha256:ff7145e263cccb82e93ec88b30e55b7705ce40cde3bd86de26e83e22734b0632"
            ],
            "markers": "python_version >= '3.6'",
            "version": "==0.33.0"
        },
        "numba": {
            "hashes": [
                "sha256:24852c21fbf7edf9e000eeec9fbd1b24d1ca17c86ae449b06a3707bcdec95479",
                "sha256:2e17eadf3c5c3cae525ce6d1a71d021dd67a980ce766484a68018d3c7d7cfcab",
                "sha256:38146c10f8457705e74e2e02f0d0d339f4a5143b92cccaa1ef18ae240bcdae4f",
                "sha256:3a4114dc1b9af491235ce30517913afe0a0a226117a924e7361d626f55e0e054",
                "sha256:404809fca5fd71b20096a6eea201c5bcf5255337818d3939f1631ba190a06d1f",
                "sha256:44407fd45655d887b3bb12b9282c0d994c2e7d59ba537e7429349403de6eb8c0",
                "sha256:5848d6bc5604664823a1681b17eb934147b24cfcb4df672be33315ff3f9f7afe",
                "sha256:5caf68ac45eddafc6c4275cc8bae67bdbc246536284821f7894c5a8fabb0c132",
                "sha256:753f400038e74b685ef21edf8218c524a782c269819e074c83fa241e6c6cde0e",
                "sha256:77eba26deda636cf67c1554e2af70063a603b952e181f0570caa3ff1f101c950",
                "sha256:89e81b51b880f9b18c82b7095beaccc6856fcf84ba29c4f0ced42e4e5748a3a7",
                "sha256:925580ec493370206abe9143f96a3e843a1982dbae2f33151a71614ab9aca39d",
                "sha256:943ddf7192a90823485028039cdef5358fddd0f55922c6ab46fe6b74b7335f16",
                "sha256:c98b09d78144da2e5b8c7b690f80d12076a6b8e9af6e3c7f772a08cf04821cc1",
                "sha256:d42e0bdfdb920db7cfc68d49908aba25f51789a9b2497dc4dc889d8df234691d",
                "sha256:d9a8089b9c6905fab7465700caf27757fc32b8011df9c4ea48a261cdb58c1dad",
                "sha256:ddc73deb0637699df4ed678f48d1d73f9397e86b134f6f47868c823241578706",
                "sha256:df5217e05e5612f4df7033a1588b9e55c76dead00faf40ed168f1c62b21d64ad",
                "sha256:e4c0abd4c75b3da824d9601989d97666db6e94011e26e83eb78ac8e723224460"
            ],
            "index": "pypi",
            "version": "==0.50.1"
        },
        "numpy": {
            "hashes": [
                "sha256:0cfe07133fd00b27edee5e6385e333e9eeb010607e8a46e1cd673f05f8596595",
                "sha256:11a1f3816ea82eed4178102c56281782690ab5993251fdfd75039aad4d20385f",
                "sha256:2762331de395739c91f1abb88041f94a080cb1143aeec791b3b223976228af3f",
                "sha256:283d9de87c0133ef98f93dfc09fad3fb382f2a15580de75c02b5bb36a5a159a5",
                "sha256:3d22662b4b10112c545c91a0741f2436f8ca979ab3d69d03d19322aa970f9695",
                "sha256:41388e32e40b41dd56eb37fcaa7488b2b47b0adf77c66154d6b89622c110dfe9",
                "sha256:42c16cec1c8cf2728f1d539bd55aaa9d6bb48a7de2f41eb944697293ef65a559",
                "sha256:47ee7a839f5885bc0c63a74aabb91f6f40d7d7b639253768c4199b37aede7982",
                "sha256:5a311ee4d983c487a0ab546708edbdd759393a3dc9cd30305170149fedd23c88",
                "sha256:5dc65644f75a4c2970f21394ad8bea1a844104f0fe01f278631be1c7eae27226",
                "sha256:6ed0d073a9c54ac40c41a9c2d53fcc3d4d4ed607670b9e7b0de1ba13b4cbfe6f",
                "sha256:76ba7c40e80f9dc815c5e896330700fd6e20814e69da9c1267d65a4d051080f1",
                "sha256:818b9be7900e8dc23e013a92779135623476f44a0de58b40c32a15368c01d471",
                "sha256:a024181d7aef0004d76fb3bce2a4c9f2e67a609a9e2a6ff2571d30e9976aa383",
                "sha256:a955e4128ac36797aaffd49ab44ec74a71c11d6938df83b1285492d277db5397",
                "sha256:a97a954a8c2f046d3817c2bce16e3c7e9a9c2afffaf0400f5c16df5172a67c9c",
                "sha256:a97e82c39d9856fe7d4f9b86d8a1e66eff99cf3a8b7ba48202f659703d27c46f",
                "sha256:b55b953a1bdb465f4dc181758570d321db4ac23005f90ffd2b434cc6609a63dd",
                "sha256:bb02929b0d6bfab4c48a79bd805bd7419114606947ec8284476167415171f55b",
                "sha256:bece0a4a49e60e472a6d1f70ac6cdea00f9ab80ff01132f96bd970cdd8a9e5a9",
                "sha256:e41e8951749c4b5c9a2dc5fdbc1a4eec6ab2a140fdae9b460b0f557eed870f4d",
                "sha256:f71d57cc8645f14816ae249407d309be250ad8de93ef61d9709b45a0ddf4050c"
            ],
            "index": "pypi",
            "version": "==1.22.0"
        },
        "setuptools": {
            "hashes": [
                "sha256:990a4f7861b31532871ab72331e755b5f14efbe52d336ea7f6118144dd478741",
                "sha256:c1848f654aea2e3526d17fc3ce6aeaa5e7e24e66e645b5be2171f3f6b4e5a178"
            ],
            "index": "pypi",
            "version": "==62.6.0"
        }
    },
    "develop": {}
}
